// !$*UTF8*$!
{
	archiveVersion = 1;
	classes = {
	};
	objectVersion = 51;
	objects = {

/* Begin PBXBuildFile section */
		3E14B76E24A6395D005B4E29 /* TimelineDataStore.swift in Sources */ = {isa = PBXBuildFile; fileRef = 3E14B76D24A6395D005B4E29 /* TimelineDataStore.swift */; };
		3E2FCF3E247E9C8A00CF37FE /* HideTabViewBarFunctions.swift in Sources */ = {isa = PBXBuildFile; fileRef = 3E2FCF3D247E9C8A00CF37FE /* HideTabViewBarFunctions.swift */; };
		3E3610E924760CF2004C70B4 /* UserDataStore.swift in Sources */ = {isa = PBXBuildFile; fileRef = 3E3610E824760CF2004C70B4 /* UserDataStore.swift */; };
		3E36113324760DAB004C70B4 /* Attributes.swift in Sources */ = {isa = PBXBuildFile; fileRef = 3E36111C24760DAA004C70B4 /* Attributes.swift */; };
		3E36113424760DAB004C70B4 /* HiddenThreadsResponse.swift in Sources */ = {isa = PBXBuildFile; fileRef = 3E36111D24760DAA004C70B4 /* HiddenThreadsResponse.swift */; };
		3E36113524760DAB004C70B4 /* ImageUrls.swift in Sources */ = {isa = PBXBuildFile; fileRef = 3E36111E24760DAA004C70B4 /* ImageUrls.swift */; };
		3E36113624760DAB004C70B4 /* User.swift in Sources */ = {isa = PBXBuildFile; fileRef = 3E36111F24760DAA004C70B4 /* User.swift */; };
		3E36113724760DAB004C70B4 /* ThreadImages.swift in Sources */ = {isa = PBXBuildFile; fileRef = 3E36112024760DAA004C70B4 /* ThreadImages.swift */; };
		3E36113824760DAB004C70B4 /* Game.swift in Sources */ = {isa = PBXBuildFile; fileRef = 3E36112124760DAA004C70B4 /* Game.swift */; };
		3E36113924760DAB004C70B4 /* Forum.swift in Sources */ = {isa = PBXBuildFile; fileRef = 3E36112224760DAA004C70B4 /* Forum.swift */; };
		3E36113A24760DAB004C70B4 /* Comment.swift in Sources */ = {isa = PBXBuildFile; fileRef = 3E36112324760DAA004C70B4 /* Comment.swift */; };
		3E36113B24760DAB004C70B4 /* GameHistoryResponse.swift in Sources */ = {isa = PBXBuildFile; fileRef = 3E36112424760DAA004C70B4 /* GameHistoryResponse.swift */; };
		3E36113C24760DAB004C70B4 /* Emojis.swift in Sources */ = {isa = PBXBuildFile; fileRef = 3E36112524760DAB004C70B4 /* Emojis.swift */; };
		3E36113D24760DAB004C70B4 /* Token.swift in Sources */ = {isa = PBXBuildFile; fileRef = 3E36112624760DAB004C70B4 /* Token.swift */; };
		3E36113E24760DAB004C70B4 /* HiddenCommentResponse.swift in Sources */ = {isa = PBXBuildFile; fileRef = 3E36112724760DAB004C70B4 /* HiddenCommentResponse.swift */; };
		3E36113F24760DAB004C70B4 /* Vote.swift in Sources */ = {isa = PBXBuildFile; fileRef = 3E36112824760DAB004C70B4 /* Vote.swift */; };
		3E36114024760DAB004C70B4 /* Genre.swift in Sources */ = {isa = PBXBuildFile; fileRef = 3E36112924760DAB004C70B4 /* Genre.swift */; };
		3E36114124760DAB004C70B4 /* AccessToken.swift in Sources */ = {isa = PBXBuildFile; fileRef = 3E36112A24760DAB004C70B4 /* AccessToken.swift */; };
		3E36114224760DAB004C70B4 /* Thread.swift in Sources */ = {isa = PBXBuildFile; fileRef = 3E36112B24760DAB004C70B4 /* Thread.swift */; };
		3E36114324760DAB004C70B4 /* BlacklistedUsersResponse.swift in Sources */ = {isa = PBXBuildFile; fileRef = 3E36112C24760DAB004C70B4 /* BlacklistedUsersResponse.swift */; };
		3E36114424760DAB004C70B4 /* NewThreadResponse.swift in Sources */ = {isa = PBXBuildFile; fileRef = 3E36112D24760DAB004C70B4 /* NewThreadResponse.swift */; };
		3E36114524760DAB004C70B4 /* ThreadsResponse.swift in Sources */ = {isa = PBXBuildFile; fileRef = 3E36112E24760DAB004C70B4 /* ThreadsResponse.swift */; };
		3E36114724760DAB004C70B4 /* Developer.swift in Sources */ = {isa = PBXBuildFile; fileRef = 3E36113024760DAB004C70B4 /* Developer.swift */; };
		3E36114824760DAB004C70B4 /* EmojiResponse.swift in Sources */ = {isa = PBXBuildFile; fileRef = 3E36113124760DAB004C70B4 /* EmojiResponse.swift */; };
		3E36114924760DAB004C70B4 /* NewCommentResponse.swift in Sources */ = {isa = PBXBuildFile; fileRef = 3E36113224760DAB004C70B4 /* NewCommentResponse.swift */; };
		3E36114B24760DD2004C70B4 /* ImagePicker.swift in Sources */ = {isa = PBXBuildFile; fileRef = 3E36114A24760DD2004C70B4 /* ImagePicker.swift */; };
		3E36114D24760DE7004C70B4 /* KeyChain.swift in Sources */ = {isa = PBXBuildFile; fileRef = 3E36114C24760DE7004C70B4 /* KeyChain.swift */; };
		3E36114F24760DEA004C70B4 /* NSAttributedStringKey+CustomAttribute.swift in Sources */ = {isa = PBXBuildFile; fileRef = 3E36114E24760DEA004C70B4 /* NSAttributedStringKey+CustomAttribute.swift */; };
		3E36115124760DF6004C70B4 /* UploadDashPlaceholderButton.swift in Sources */ = {isa = PBXBuildFile; fileRef = 3E36115024760DF6004C70B4 /* UploadDashPlaceholderButton.swift */; };
		3E36115324760DFF004C70B4 /* NewThreadButton.swift in Sources */ = {isa = PBXBuildFile; fileRef = 3E36115224760DFF004C70B4 /* NewThreadButton.swift */; };
		3E36115724760E19004C70B4 /* TextViewHelper.swift in Sources */ = {isa = PBXBuildFile; fileRef = 3E36115624760E19004C70B4 /* TextViewHelper.swift */; };
		3E36115924760E5C004C70B4 /* Load.swift in Sources */ = {isa = PBXBuildFile; fileRef = 3E36115824760E5C004C70B4 /* Load.swift */; };
		3E36115D24760EB1004C70B4 /* GameHubView.swift in Sources */ = {isa = PBXBuildFile; fileRef = 3E36115C24760EB1004C70B4 /* GameHubView.swift */; };
		3E36115F24760EBD004C70B4 /* HomeHubView.swift in Sources */ = {isa = PBXBuildFile; fileRef = 3E36115E24760EBD004C70B4 /* HomeHubView.swift */; };
		3E36116124760EE9004C70B4 /* PopularGamesView.swift in Sources */ = {isa = PBXBuildFile; fileRef = 3E36116024760EE9004C70B4 /* PopularGamesView.swift */; };
		3E36116324760EF5004C70B4 /* TimelineGamesView.swift in Sources */ = {isa = PBXBuildFile; fileRef = 3E36116224760EF5004C70B4 /* TimelineGamesView.swift */; };
		3E36116524760F05004C70B4 /* UserProfileView.swift in Sources */ = {isa = PBXBuildFile; fileRef = 3E36116424760F05004C70B4 /* UserProfileView.swift */; };
		3E369FCC24A6938000464428 /* GamesTimeLineResponse.swift in Sources */ = {isa = PBXBuildFile; fileRef = 3E369FCB24A6938000464428 /* GamesTimeLineResponse.swift */; };
		3E3FF45D248ED6FE00313D8C /* HiddenStructs.swift in Sources */ = {isa = PBXBuildFile; fileRef = 3E3FF45C248ED6FE00313D8C /* HiddenStructs.swift */; };
		3E486C2024B646050015EFE9 /* ImageModalView.swift in Sources */ = {isa = PBXBuildFile; fileRef = 3E486C1F24B646050015EFE9 /* ImageModalView.swift */; };
		3E486C2224B64AA00015EFE9 /* DummyImageModalView.swift in Sources */ = {isa = PBXBuildFile; fileRef = 3E486C2124B64AA00015EFE9 /* DummyImageModalView.swift */; };
		3E4AB0C02481A6DE009E5BDB /* ReportPopupView.swift in Sources */ = {isa = PBXBuildFile; fileRef = 3E4AB0BF2481A6DE009E5BDB /* ReportPopupView.swift */; };
		3E4AB0C22481A6E4009E5BDB /* BlockUserPopupView.swift in Sources */ = {isa = PBXBuildFile; fileRef = 3E4AB0C12481A6E4009E5BDB /* BlockUserPopupView.swift */; };
		3E6815E1248035BB00E68860 /* ForumLoadMoreView.swift in Sources */ = {isa = PBXBuildFile; fileRef = 3E6815E0248035BB00E68860 /* ForumLoadMoreView.swift */; };
		3E6815EC24804DC500E68860 /* EmojiPickerPopupView.swift in Sources */ = {isa = PBXBuildFile; fileRef = 3E6815EB24804DC500E68860 /* EmojiPickerPopupView.swift */; };
		3E6815EE248053E600E68860 /* EmojiDataStore.swift in Sources */ = {isa = PBXBuildFile; fileRef = 3E6815ED248053E600E68860 /* EmojiDataStore.swift */; };
		3E6F200224A12BF1009BFEAF /* GlobalGamesDataStore.swift in Sources */ = {isa = PBXBuildFile; fileRef = 3E6F200124A12BF1009BFEAF /* GlobalGamesDataStore.swift */; };
		3E7ACE1524769E1200873BC8 /* AppWideAssets.swift in Sources */ = {isa = PBXBuildFile; fileRef = 3E7ACE1424769E1200873BC8 /* AppWideAssets.swift */; };
		3E7ACE172476A40E00873BC8 /* KeyboardModifier.swift in Sources */ = {isa = PBXBuildFile; fileRef = 3E7ACE162476A40E00873BC8 /* KeyboardModifier.swift */; };
		3E7ACE192476A5AF00873BC8 /* GameFeedIcon.swift in Sources */ = {isa = PBXBuildFile; fileRef = 3E7ACE182476A5AF00873BC8 /* GameFeedIcon.swift */; };
		3E7ACE1D2476AF8800873BC8 /* GameModalView.swift in Sources */ = {isa = PBXBuildFile; fileRef = 3E7ACE1C2476AF8800873BC8 /* GameModalView.swift */; };
		3E7ACE212476AFC700873BC8 /* ImageLoader.swift in Sources */ = {isa = PBXBuildFile; fileRef = 3E7ACE202476AFC700873BC8 /* ImageLoader.swift */; };
		3E7ACE232476B0FA00873BC8 /* ForumView.swift in Sources */ = {isa = PBXBuildFile; fileRef = 3E7ACE222476B0FA00873BC8 /* ForumView.swift */; };
		3E7ACE252476B78500873BC8 /* APIClient.swift in Sources */ = {isa = PBXBuildFile; fileRef = 3E7ACE242476B78500873BC8 /* APIClient.swift */; };
		3E937A1E247706980033EA04 /* BlockHiddenDataStore.swift in Sources */ = {isa = PBXBuildFile; fileRef = 3E937A1D247706980033EA04 /* BlockHiddenDataStore.swift */; };
		3E9994E1248564F600BD1BD7 /* ThreadView.swift in Sources */ = {isa = PBXBuildFile; fileRef = 3E9994DE248564F600BD1BD7 /* ThreadView.swift */; };
		3E9994E2248564F600BD1BD7 /* MoreCommentsView.swift in Sources */ = {isa = PBXBuildFile; fileRef = 3E9994DF248564F600BD1BD7 /* MoreCommentsView.swift */; };
		3E9994E3248564F600BD1BD7 /* CommentView.swift in Sources */ = {isa = PBXBuildFile; fileRef = 3E9994E0248564F600BD1BD7 /* CommentView.swift */; };
		3E9994E52485939500BD1BD7 /* CommentsResponse.swift in Sources */ = {isa = PBXBuildFile; fileRef = 3E9994E42485939500BD1BD7 /* CommentsResponse.swift */; };
		3EB25B482475CA6C00C465D1 /* AppDelegate.swift in Sources */ = {isa = PBXBuildFile; fileRef = 3EB25B472475CA6C00C465D1 /* AppDelegate.swift */; };
		3EB25B4A2475CA6C00C465D1 /* SceneDelegate.swift in Sources */ = {isa = PBXBuildFile; fileRef = 3EB25B492475CA6C00C465D1 /* SceneDelegate.swift */; };
		3EB25B4D2475CA6C00C465D1 /* MetaGrabGO.xcdatamodeld in Sources */ = {isa = PBXBuildFile; fileRef = 3EB25B4B2475CA6C00C465D1 /* MetaGrabGO.xcdatamodeld */; };
		3EB25B4F2475CA6C00C465D1 /* LaunchView.swift in Sources */ = {isa = PBXBuildFile; fileRef = 3EB25B4E2475CA6C00C465D1 /* LaunchView.swift */; };
		3EB25B512475CA6C00C465D1 /* Assets.xcassets in Resources */ = {isa = PBXBuildFile; fileRef = 3EB25B502475CA6C00C465D1 /* Assets.xcassets */; };
		3EB25B542475CA6C00C465D1 /* Preview Assets.xcassets in Resources */ = {isa = PBXBuildFile; fileRef = 3EB25B532475CA6C00C465D1 /* Preview Assets.xcassets */; };
		3EB25B572475CA6C00C465D1 /* LaunchScreen.storyboard in Resources */ = {isa = PBXBuildFile; fileRef = 3EB25B552475CA6C00C465D1 /* LaunchScreen.storyboard */; };
		3ECCF99224A50C7E00DAC485 /* ForumStatsResponse.swift in Sources */ = {isa = PBXBuildFile; fileRef = 3ECCF99124A50C7E00DAC485 /* ForumStatsResponse.swift */; };
		3ED7815E2478271A00C5EE96 /* ThreadRow.swift in Sources */ = {isa = PBXBuildFile; fileRef = 3ED7815D2478271A00C5EE96 /* ThreadRow.swift */; };
		3ED7816024782C5E00C5EE96 /* ForumDataStore.swift in Sources */ = {isa = PBXBuildFile; fileRef = 3ED7815F24782C5E00C5EE96 /* ForumDataStore.swift */; };
		3ED7816424784EA600C5EE96 /* FancyPantsEditorBarView.swift in Sources */ = {isa = PBXBuildFile; fileRef = 3ED7816324784EA600C5EE96 /* FancyPantsEditorBarView.swift */; };
		3ED7816624784EAF00C5EE96 /* TextView.swift in Sources */ = {isa = PBXBuildFile; fileRef = 3ED7816524784EAF00C5EE96 /* TextView.swift */; };
		3EE38C6C2475CB8B007E9F32 /* DarkHostingController.swift in Sources */ = {isa = PBXBuildFile; fileRef = 3EE38C6B2475CB8B007E9F32 /* DarkHostingController.swift */; };
		3EE38C6E2475CDF6007E9F32 /* MainView.swift in Sources */ = {isa = PBXBuildFile; fileRef = 3EE38C6D2475CDF6007E9F32 /* MainView.swift */; };
		3EE38C702475CE35007E9F32 /* UserView.swift in Sources */ = {isa = PBXBuildFile; fileRef = 3EE38C6F2475CE35007E9F32 /* UserView.swift */; };
		3EE4921224A3B4C80075C7B7 /* GenreDataStore.swift in Sources */ = {isa = PBXBuildFile; fileRef = 3EE4921124A3B4C80075C7B7 /* GenreDataStore.swift */; };
		3EE4921424A3DD050075C7B7 /* GamesPageResponse.swift in Sources */ = {isa = PBXBuildFile; fileRef = 3EE4921324A3DD050075C7B7 /* GamesPageResponse.swift */; };
		3EE4921624A3DD460075C7B7 /* GenresPageResponse.swift in Sources */ = {isa = PBXBuildFile; fileRef = 3EE4921524A3DD460075C7B7 /* GenresPageResponse.swift */; };
		3EE4921824A3E2700075C7B7 /* GenreRowView.swift in Sources */ = {isa = PBXBuildFile; fileRef = 3EE4921724A3E2700075C7B7 /* GenreRowView.swift */; };
		3EF1BF4C249D3B8D00E7EAC5 /* HomeGamesDataStore.swift in Sources */ = {isa = PBXBuildFile; fileRef = 3EF1BF4B249D3B8D00E7EAC5 /* HomeGamesDataStore.swift */; };
		3EFC6384247EF68B008D9F05 /* EmojiBarThreadView.swift in Sources */ = {isa = PBXBuildFile; fileRef = 3EFC6383247EF68B008D9F05 /* EmojiBarThreadView.swift */; };
		3EFC6386247F0592008D9F05 /* NewThreadView.swift in Sources */ = {isa = PBXBuildFile; fileRef = 3EFC6385247F0592008D9F05 /* NewThreadView.swift */; };
		6E71B987148D090891E486BB /* Pods_MetaGrabGO.framework in Frameworks */ = {isa = PBXBuildFile; fileRef = E4B3CBCEECAEACB1143BC884 /* Pods_MetaGrabGO.framework */; };
/* End PBXBuildFile section */

/* Begin PBXFileReference section */
		0DEB128B1F9768004E8194CD /* Pods-MetaGrabGO.debug.xcconfig */ = {isa = PBXFileReference; includeInIndex = 1; lastKnownFileType = text.xcconfig; name = "Pods-MetaGrabGO.debug.xcconfig"; path = "Target Support Files/Pods-MetaGrabGO/Pods-MetaGrabGO.debug.xcconfig"; sourceTree = "<group>"; };
		3E14B76D24A6395D005B4E29 /* TimelineDataStore.swift */ = {isa = PBXFileReference; lastKnownFileType = sourcecode.swift; path = TimelineDataStore.swift; sourceTree = "<group>"; };
		3E2FCF3D247E9C8A00CF37FE /* HideTabViewBarFunctions.swift */ = {isa = PBXFileReference; lastKnownFileType = sourcecode.swift; path = HideTabViewBarFunctions.swift; sourceTree = "<group>"; };
		3E3610E824760CF2004C70B4 /* UserDataStore.swift */ = {isa = PBXFileReference; fileEncoding = 4; lastKnownFileType = sourcecode.swift; path = UserDataStore.swift; sourceTree = "<group>"; };
		3E36111C24760DAA004C70B4 /* Attributes.swift */ = {isa = PBXFileReference; fileEncoding = 4; lastKnownFileType = sourcecode.swift; path = Attributes.swift; sourceTree = "<group>"; };
		3E36111D24760DAA004C70B4 /* HiddenThreadsResponse.swift */ = {isa = PBXFileReference; fileEncoding = 4; lastKnownFileType = sourcecode.swift; path = HiddenThreadsResponse.swift; sourceTree = "<group>"; };
		3E36111E24760DAA004C70B4 /* ImageUrls.swift */ = {isa = PBXFileReference; fileEncoding = 4; lastKnownFileType = sourcecode.swift; path = ImageUrls.swift; sourceTree = "<group>"; };
		3E36111F24760DAA004C70B4 /* User.swift */ = {isa = PBXFileReference; fileEncoding = 4; lastKnownFileType = sourcecode.swift; path = User.swift; sourceTree = "<group>"; };
		3E36112024760DAA004C70B4 /* ThreadImages.swift */ = {isa = PBXFileReference; fileEncoding = 4; lastKnownFileType = sourcecode.swift; path = ThreadImages.swift; sourceTree = "<group>"; };
		3E36112124760DAA004C70B4 /* Game.swift */ = {isa = PBXFileReference; fileEncoding = 4; lastKnownFileType = sourcecode.swift; path = Game.swift; sourceTree = "<group>"; };
		3E36112224760DAA004C70B4 /* Forum.swift */ = {isa = PBXFileReference; fileEncoding = 4; lastKnownFileType = sourcecode.swift; path = Forum.swift; sourceTree = "<group>"; };
		3E36112324760DAA004C70B4 /* Comment.swift */ = {isa = PBXFileReference; fileEncoding = 4; lastKnownFileType = sourcecode.swift; path = Comment.swift; sourceTree = "<group>"; };
		3E36112424760DAA004C70B4 /* GameHistoryResponse.swift */ = {isa = PBXFileReference; fileEncoding = 4; lastKnownFileType = sourcecode.swift; path = GameHistoryResponse.swift; sourceTree = "<group>"; };
		3E36112524760DAB004C70B4 /* Emojis.swift */ = {isa = PBXFileReference; fileEncoding = 4; lastKnownFileType = sourcecode.swift; path = Emojis.swift; sourceTree = "<group>"; };
		3E36112624760DAB004C70B4 /* Token.swift */ = {isa = PBXFileReference; fileEncoding = 4; lastKnownFileType = sourcecode.swift; path = Token.swift; sourceTree = "<group>"; };
		3E36112724760DAB004C70B4 /* HiddenCommentResponse.swift */ = {isa = PBXFileReference; fileEncoding = 4; lastKnownFileType = sourcecode.swift; path = HiddenCommentResponse.swift; sourceTree = "<group>"; };
		3E36112824760DAB004C70B4 /* Vote.swift */ = {isa = PBXFileReference; fileEncoding = 4; lastKnownFileType = sourcecode.swift; path = Vote.swift; sourceTree = "<group>"; };
		3E36112924760DAB004C70B4 /* Genre.swift */ = {isa = PBXFileReference; fileEncoding = 4; lastKnownFileType = sourcecode.swift; path = Genre.swift; sourceTree = "<group>"; };
		3E36112A24760DAB004C70B4 /* AccessToken.swift */ = {isa = PBXFileReference; fileEncoding = 4; lastKnownFileType = sourcecode.swift; path = AccessToken.swift; sourceTree = "<group>"; };
		3E36112B24760DAB004C70B4 /* Thread.swift */ = {isa = PBXFileReference; fileEncoding = 4; lastKnownFileType = sourcecode.swift; path = Thread.swift; sourceTree = "<group>"; };
		3E36112C24760DAB004C70B4 /* BlacklistedUsersResponse.swift */ = {isa = PBXFileReference; fileEncoding = 4; lastKnownFileType = sourcecode.swift; path = BlacklistedUsersResponse.swift; sourceTree = "<group>"; };
		3E36112D24760DAB004C70B4 /* NewThreadResponse.swift */ = {isa = PBXFileReference; fileEncoding = 4; lastKnownFileType = sourcecode.swift; path = NewThreadResponse.swift; sourceTree = "<group>"; };
		3E36112E24760DAB004C70B4 /* ThreadsResponse.swift */ = {isa = PBXFileReference; fileEncoding = 4; lastKnownFileType = sourcecode.swift; path = ThreadsResponse.swift; sourceTree = "<group>"; };
		3E36113024760DAB004C70B4 /* Developer.swift */ = {isa = PBXFileReference; fileEncoding = 4; lastKnownFileType = sourcecode.swift; path = Developer.swift; sourceTree = "<group>"; };
		3E36113124760DAB004C70B4 /* EmojiResponse.swift */ = {isa = PBXFileReference; fileEncoding = 4; lastKnownFileType = sourcecode.swift; path = EmojiResponse.swift; sourceTree = "<group>"; };
		3E36113224760DAB004C70B4 /* NewCommentResponse.swift */ = {isa = PBXFileReference; fileEncoding = 4; lastKnownFileType = sourcecode.swift; path = NewCommentResponse.swift; sourceTree = "<group>"; };
		3E36114A24760DD2004C70B4 /* ImagePicker.swift */ = {isa = PBXFileReference; fileEncoding = 4; lastKnownFileType = sourcecode.swift; path = ImagePicker.swift; sourceTree = "<group>"; };
		3E36114C24760DE7004C70B4 /* KeyChain.swift */ = {isa = PBXFileReference; fileEncoding = 4; lastKnownFileType = sourcecode.swift; path = KeyChain.swift; sourceTree = "<group>"; };
		3E36114E24760DEA004C70B4 /* NSAttributedStringKey+CustomAttribute.swift */ = {isa = PBXFileReference; fileEncoding = 4; lastKnownFileType = sourcecode.swift; path = "NSAttributedStringKey+CustomAttribute.swift"; sourceTree = "<group>"; };
		3E36115024760DF6004C70B4 /* UploadDashPlaceholderButton.swift */ = {isa = PBXFileReference; fileEncoding = 4; lastKnownFileType = sourcecode.swift; path = UploadDashPlaceholderButton.swift; sourceTree = "<group>"; };
		3E36115224760DFF004C70B4 /* NewThreadButton.swift */ = {isa = PBXFileReference; fileEncoding = 4; lastKnownFileType = sourcecode.swift; path = NewThreadButton.swift; sourceTree = "<group>"; };
		3E36115624760E19004C70B4 /* TextViewHelper.swift */ = {isa = PBXFileReference; fileEncoding = 4; lastKnownFileType = sourcecode.swift; path = TextViewHelper.swift; sourceTree = "<group>"; };
		3E36115824760E5C004C70B4 /* Load.swift */ = {isa = PBXFileReference; fileEncoding = 4; lastKnownFileType = sourcecode.swift; path = Load.swift; sourceTree = "<group>"; };
		3E36115C24760EB1004C70B4 /* GameHubView.swift */ = {isa = PBXFileReference; fileEncoding = 4; lastKnownFileType = sourcecode.swift; path = GameHubView.swift; sourceTree = "<group>"; };
		3E36115E24760EBD004C70B4 /* HomeHubView.swift */ = {isa = PBXFileReference; fileEncoding = 4; lastKnownFileType = sourcecode.swift; path = HomeHubView.swift; sourceTree = "<group>"; };
		3E36116024760EE9004C70B4 /* PopularGamesView.swift */ = {isa = PBXFileReference; fileEncoding = 4; lastKnownFileType = sourcecode.swift; path = PopularGamesView.swift; sourceTree = "<group>"; };
		3E36116224760EF5004C70B4 /* TimelineGamesView.swift */ = {isa = PBXFileReference; fileEncoding = 4; lastKnownFileType = sourcecode.swift; path = TimelineGamesView.swift; sourceTree = "<group>"; };
		3E36116424760F05004C70B4 /* UserProfileView.swift */ = {isa = PBXFileReference; fileEncoding = 4; lastKnownFileType = sourcecode.swift; path = UserProfileView.swift; sourceTree = "<group>"; };
		3E369FCB24A6938000464428 /* GamesTimeLineResponse.swift */ = {isa = PBXFileReference; lastKnownFileType = sourcecode.swift; path = GamesTimeLineResponse.swift; sourceTree = "<group>"; };
		3E3FF45C248ED6FE00313D8C /* HiddenStructs.swift */ = {isa = PBXFileReference; lastKnownFileType = sourcecode.swift; path = HiddenStructs.swift; sourceTree = "<group>"; };
		3E486C1F24B646050015EFE9 /* ImageModalView.swift */ = {isa = PBXFileReference; lastKnownFileType = sourcecode.swift; path = ImageModalView.swift; sourceTree = "<group>"; };
		3E486C2124B64AA00015EFE9 /* DummyImageModalView.swift */ = {isa = PBXFileReference; lastKnownFileType = sourcecode.swift; path = DummyImageModalView.swift; sourceTree = "<group>"; };
		3E4AB0BF2481A6DE009E5BDB /* ReportPopupView.swift */ = {isa = PBXFileReference; fileEncoding = 4; lastKnownFileType = sourcecode.swift; path = ReportPopupView.swift; sourceTree = "<group>"; };
		3E4AB0C12481A6E4009E5BDB /* BlockUserPopupView.swift */ = {isa = PBXFileReference; fileEncoding = 4; lastKnownFileType = sourcecode.swift; path = BlockUserPopupView.swift; sourceTree = "<group>"; };
		3E6815E0248035BB00E68860 /* ForumLoadMoreView.swift */ = {isa = PBXFileReference; lastKnownFileType = sourcecode.swift; path = ForumLoadMoreView.swift; sourceTree = "<group>"; };
		3E6815EB24804DC500E68860 /* EmojiPickerPopupView.swift */ = {isa = PBXFileReference; fileEncoding = 4; lastKnownFileType = sourcecode.swift; path = EmojiPickerPopupView.swift; sourceTree = "<group>"; };
		3E6815ED248053E600E68860 /* EmojiDataStore.swift */ = {isa = PBXFileReference; lastKnownFileType = sourcecode.swift; path = EmojiDataStore.swift; sourceTree = "<group>"; };
		3E6F200124A12BF1009BFEAF /* GlobalGamesDataStore.swift */ = {isa = PBXFileReference; lastKnownFileType = sourcecode.swift; path = GlobalGamesDataStore.swift; sourceTree = "<group>"; };
		3E7ACE1424769E1200873BC8 /* AppWideAssets.swift */ = {isa = PBXFileReference; lastKnownFileType = sourcecode.swift; path = AppWideAssets.swift; sourceTree = "<group>"; };
		3E7ACE162476A40E00873BC8 /* KeyboardModifier.swift */ = {isa = PBXFileReference; lastKnownFileType = sourcecode.swift; path = KeyboardModifier.swift; sourceTree = "<group>"; };
		3E7ACE182476A5AF00873BC8 /* GameFeedIcon.swift */ = {isa = PBXFileReference; fileEncoding = 4; lastKnownFileType = sourcecode.swift; path = GameFeedIcon.swift; sourceTree = "<group>"; };
		3E7ACE1C2476AF8800873BC8 /* GameModalView.swift */ = {isa = PBXFileReference; fileEncoding = 4; lastKnownFileType = sourcecode.swift; path = GameModalView.swift; sourceTree = "<group>"; };
		3E7ACE202476AFC700873BC8 /* ImageLoader.swift */ = {isa = PBXFileReference; fileEncoding = 4; lastKnownFileType = sourcecode.swift; path = ImageLoader.swift; sourceTree = "<group>"; };
		3E7ACE222476B0FA00873BC8 /* ForumView.swift */ = {isa = PBXFileReference; fileEncoding = 4; lastKnownFileType = sourcecode.swift; path = ForumView.swift; sourceTree = "<group>"; };
		3E7ACE242476B78500873BC8 /* APIClient.swift */ = {isa = PBXFileReference; lastKnownFileType = sourcecode.swift; path = APIClient.swift; sourceTree = "<group>"; };
		3E937A1D247706980033EA04 /* BlockHiddenDataStore.swift */ = {isa = PBXFileReference; lastKnownFileType = sourcecode.swift; path = BlockHiddenDataStore.swift; sourceTree = "<group>"; };
		3E9994DE248564F600BD1BD7 /* ThreadView.swift */ = {isa = PBXFileReference; fileEncoding = 4; lastKnownFileType = sourcecode.swift; path = ThreadView.swift; sourceTree = "<group>"; };
		3E9994DF248564F600BD1BD7 /* MoreCommentsView.swift */ = {isa = PBXFileReference; fileEncoding = 4; lastKnownFileType = sourcecode.swift; path = MoreCommentsView.swift; sourceTree = "<group>"; };
		3E9994E0248564F600BD1BD7 /* CommentView.swift */ = {isa = PBXFileReference; fileEncoding = 4; lastKnownFileType = sourcecode.swift; path = CommentView.swift; sourceTree = "<group>"; };
		3E9994E42485939500BD1BD7 /* CommentsResponse.swift */ = {isa = PBXFileReference; lastKnownFileType = sourcecode.swift; path = CommentsResponse.swift; sourceTree = "<group>"; };
		3EB25B442475CA6C00C465D1 /* Metagrab.app */ = {isa = PBXFileReference; explicitFileType = wrapper.application; includeInIndex = 0; path = Metagrab.app; sourceTree = BUILT_PRODUCTS_DIR; };
		3EB25B472475CA6C00C465D1 /* AppDelegate.swift */ = {isa = PBXFileReference; lastKnownFileType = sourcecode.swift; path = AppDelegate.swift; sourceTree = "<group>"; };
		3EB25B492475CA6C00C465D1 /* SceneDelegate.swift */ = {isa = PBXFileReference; lastKnownFileType = sourcecode.swift; path = SceneDelegate.swift; sourceTree = "<group>"; };
		3EB25B4C2475CA6C00C465D1 /* MetaGrabGO.xcdatamodel */ = {isa = PBXFileReference; lastKnownFileType = wrapper.xcdatamodel; path = MetaGrabGO.xcdatamodel; sourceTree = "<group>"; };
		3EB25B4E2475CA6C00C465D1 /* LaunchView.swift */ = {isa = PBXFileReference; lastKnownFileType = sourcecode.swift; path = LaunchView.swift; sourceTree = "<group>"; };
		3EB25B502475CA6C00C465D1 /* Assets.xcassets */ = {isa = PBXFileReference; lastKnownFileType = folder.assetcatalog; path = Assets.xcassets; sourceTree = "<group>"; };
		3EB25B532475CA6C00C465D1 /* Preview Assets.xcassets */ = {isa = PBXFileReference; lastKnownFileType = folder.assetcatalog; path = "Preview Assets.xcassets"; sourceTree = "<group>"; };
		3EB25B562475CA6C00C465D1 /* Base */ = {isa = PBXFileReference; lastKnownFileType = file.storyboard; name = Base; path = Base.lproj/LaunchScreen.storyboard; sourceTree = "<group>"; };
		3EB25B582475CA6C00C465D1 /* Info.plist */ = {isa = PBXFileReference; lastKnownFileType = text.plist.xml; path = Info.plist; sourceTree = "<group>"; };
		3ECCF99124A50C7E00DAC485 /* ForumStatsResponse.swift */ = {isa = PBXFileReference; lastKnownFileType = sourcecode.swift; path = ForumStatsResponse.swift; sourceTree = "<group>"; };
		3ED7815D2478271A00C5EE96 /* ThreadRow.swift */ = {isa = PBXFileReference; fileEncoding = 4; lastKnownFileType = sourcecode.swift; path = ThreadRow.swift; sourceTree = "<group>"; };
		3ED7815F24782C5E00C5EE96 /* ForumDataStore.swift */ = {isa = PBXFileReference; lastKnownFileType = sourcecode.swift; path = ForumDataStore.swift; sourceTree = "<group>"; };
		3ED7816324784EA600C5EE96 /* FancyPantsEditorBarView.swift */ = {isa = PBXFileReference; fileEncoding = 4; lastKnownFileType = sourcecode.swift; path = FancyPantsEditorBarView.swift; sourceTree = "<group>"; };
		3ED7816524784EAF00C5EE96 /* TextView.swift */ = {isa = PBXFileReference; fileEncoding = 4; lastKnownFileType = sourcecode.swift; path = TextView.swift; sourceTree = "<group>"; };
		3EE38C6B2475CB8B007E9F32 /* DarkHostingController.swift */ = {isa = PBXFileReference; fileEncoding = 4; lastKnownFileType = sourcecode.swift; path = DarkHostingController.swift; sourceTree = "<group>"; };
		3EE38C6D2475CDF6007E9F32 /* MainView.swift */ = {isa = PBXFileReference; fileEncoding = 4; lastKnownFileType = sourcecode.swift; path = MainView.swift; sourceTree = "<group>"; };
		3EE38C6F2475CE35007E9F32 /* UserView.swift */ = {isa = PBXFileReference; fileEncoding = 4; lastKnownFileType = sourcecode.swift; path = UserView.swift; sourceTree = "<group>"; };
		3EE4921124A3B4C80075C7B7 /* GenreDataStore.swift */ = {isa = PBXFileReference; lastKnownFileType = sourcecode.swift; path = GenreDataStore.swift; sourceTree = "<group>"; };
		3EE4921324A3DD050075C7B7 /* GamesPageResponse.swift */ = {isa = PBXFileReference; lastKnownFileType = sourcecode.swift; path = GamesPageResponse.swift; sourceTree = "<group>"; };
		3EE4921524A3DD460075C7B7 /* GenresPageResponse.swift */ = {isa = PBXFileReference; lastKnownFileType = sourcecode.swift; path = GenresPageResponse.swift; sourceTree = "<group>"; };
		3EE4921724A3E2700075C7B7 /* GenreRowView.swift */ = {isa = PBXFileReference; lastKnownFileType = sourcecode.swift; path = GenreRowView.swift; sourceTree = "<group>"; };
		3EF1BF4B249D3B8D00E7EAC5 /* HomeGamesDataStore.swift */ = {isa = PBXFileReference; lastKnownFileType = sourcecode.swift; path = HomeGamesDataStore.swift; sourceTree = "<group>"; };
		3EFC6383247EF68B008D9F05 /* EmojiBarThreadView.swift */ = {isa = PBXFileReference; fileEncoding = 4; lastKnownFileType = sourcecode.swift; path = EmojiBarThreadView.swift; sourceTree = "<group>"; };
		3EFC6385247F0592008D9F05 /* NewThreadView.swift */ = {isa = PBXFileReference; fileEncoding = 4; lastKnownFileType = sourcecode.swift; path = NewThreadView.swift; sourceTree = "<group>"; };
		62FFB9B24DA64B0850329FC0 /* Pods-MetaGrabGO.release.xcconfig */ = {isa = PBXFileReference; includeInIndex = 1; lastKnownFileType = text.xcconfig; name = "Pods-MetaGrabGO.release.xcconfig"; path = "Target Support Files/Pods-MetaGrabGO/Pods-MetaGrabGO.release.xcconfig"; sourceTree = "<group>"; };
		E4B3CBCEECAEACB1143BC884 /* Pods_MetaGrabGO.framework */ = {isa = PBXFileReference; explicitFileType = wrapper.framework; includeInIndex = 0; path = Pods_MetaGrabGO.framework; sourceTree = BUILT_PRODUCTS_DIR; };
/* End PBXFileReference section */

/* Begin PBXFrameworksBuildPhase section */
		3EB25B412475CA6C00C465D1 /* Frameworks */ = {
			isa = PBXFrameworksBuildPhase;
			buildActionMask = 2147483647;
			files = (
				6E71B987148D090891E486BB /* Pods_MetaGrabGO.framework in Frameworks */,
			);
			runOnlyForDeploymentPostprocessing = 0;
		};
/* End PBXFrameworksBuildPhase section */

/* Begin PBXGroup section */
		3E3610EC24760D2A004C70B4 /* Model */ = {
			isa = PBXGroup;
			children = (
				3E36112A24760DAB004C70B4 /* AccessToken.swift */,
				3E36111C24760DAA004C70B4 /* Attributes.swift */,
				3E36112C24760DAB004C70B4 /* BlacklistedUsersResponse.swift */,
				3E36113024760DAB004C70B4 /* Developer.swift */,
				3E36113124760DAB004C70B4 /* EmojiResponse.swift */,
				3E36112524760DAB004C70B4 /* Emojis.swift */,
				3E36112224760DAA004C70B4 /* Forum.swift */,
				3E36112124760DAA004C70B4 /* Game.swift */,
				3E36112424760DAA004C70B4 /* GameHistoryResponse.swift */,
				3E36112924760DAB004C70B4 /* Genre.swift */,
				3EE4921524A3DD460075C7B7 /* GenresPageResponse.swift */,
				3EE4921324A3DD050075C7B7 /* GamesPageResponse.swift */,
				3E36112724760DAB004C70B4 /* HiddenCommentResponse.swift */,
				3E36111D24760DAA004C70B4 /* HiddenThreadsResponse.swift */,
				3E36111E24760DAA004C70B4 /* ImageUrls.swift */,
				3E36113224760DAB004C70B4 /* NewCommentResponse.swift */,
				3E36112D24760DAB004C70B4 /* NewThreadResponse.swift */,
				3E36112B24760DAB004C70B4 /* Thread.swift */,
				3E36112024760DAA004C70B4 /* ThreadImages.swift */,
				3E36112E24760DAB004C70B4 /* ThreadsResponse.swift */,
				3E36112324760DAA004C70B4 /* Comment.swift */,
				3E9994E42485939500BD1BD7 /* CommentsResponse.swift */,
				3E36112624760DAB004C70B4 /* Token.swift */,
				3E36111F24760DAA004C70B4 /* User.swift */,
				3E36112824760DAB004C70B4 /* Vote.swift */,
				3E3FF45C248ED6FE00313D8C /* HiddenStructs.swift */,
				3ECCF99124A50C7E00DAC485 /* ForumStatsResponse.swift */,
				3E369FCB24A6938000464428 /* GamesTimeLineResponse.swift */,
			);
			path = Model;
			sourceTree = "<group>";
		};
		3EB25B3B2475CA6C00C465D1 = {
			isa = PBXGroup;
			children = (
				3EB25B462475CA6C00C465D1 /* MetaGrabGO */,
				3EB25B452475CA6C00C465D1 /* Products */,
				999020B2F3227867F1EE307E /* Pods */,
				537CB071A1A9BA734B829DEB /* Frameworks */,
			);
			sourceTree = "<group>";
		};
		3EB25B452475CA6C00C465D1 /* Products */ = {
			isa = PBXGroup;
			children = (
				3EB25B442475CA6C00C465D1 /* Metagrab.app */,
			);
			name = Products;
			sourceTree = "<group>";
		};
		3EB25B462475CA6C00C465D1 /* MetaGrabGO */ = {
			isa = PBXGroup;
			children = (
				3EE4921024A3B4870075C7B7 /* DataStores */,
				3E3610EC24760D2A004C70B4 /* Model */,
				3EB25B472475CA6C00C465D1 /* AppDelegate.swift */,
				3EB25B492475CA6C00C465D1 /* SceneDelegate.swift */,
				3EE38C6B2475CB8B007E9F32 /* DarkHostingController.swift */,
				3E7ACE1424769E1200873BC8 /* AppWideAssets.swift */,
				3E7ACE242476B78500873BC8 /* APIClient.swift */,
				3EB25B4E2475CA6C00C465D1 /* LaunchView.swift */,
				3EE38C6D2475CDF6007E9F32 /* MainView.swift */,
				3EE38C6F2475CE35007E9F32 /* UserView.swift */,
				3E36115C24760EB1004C70B4 /* GameHubView.swift */,
				3E36115E24760EBD004C70B4 /* HomeHubView.swift */,
				3E36116024760EE9004C70B4 /* PopularGamesView.swift */,
				3EE4921724A3E2700075C7B7 /* GenreRowView.swift */,
				3E36116224760EF5004C70B4 /* TimelineGamesView.swift */,
				3E36116424760F05004C70B4 /* UserProfileView.swift */,
				3E7ACE182476A5AF00873BC8 /* GameFeedIcon.swift */,
				3E7ACE1C2476AF8800873BC8 /* GameModalView.swift */,
				3E7ACE222476B0FA00873BC8 /* ForumView.swift */,
				3E486C2124B64AA00015EFE9 /* DummyImageModalView.swift */,
				3E486C1F24B646050015EFE9 /* ImageModalView.swift */,
				3E6815E0248035BB00E68860 /* ForumLoadMoreView.swift */,
				3ED7815D2478271A00C5EE96 /* ThreadRow.swift */,
				3E9994DE248564F600BD1BD7 /* ThreadView.swift */,
				3E9994E0248564F600BD1BD7 /* CommentView.swift */,
				3E9994DF248564F600BD1BD7 /* MoreCommentsView.swift */,
				3E4AB0BF2481A6DE009E5BDB /* ReportPopupView.swift */,
				3E4AB0C12481A6E4009E5BDB /* BlockUserPopupView.swift */,
				3E6815EB24804DC500E68860 /* EmojiPickerPopupView.swift */,
				3EFC6383247EF68B008D9F05 /* EmojiBarThreadView.swift */,
				3EFC6385247F0592008D9F05 /* NewThreadView.swift */,
				3E36115224760DFF004C70B4 /* NewThreadButton.swift */,
				3ED7816324784EA600C5EE96 /* FancyPantsEditorBarView.swift */,
				3ED7816524784EAF00C5EE96 /* TextView.swift */,
				3E36115624760E19004C70B4 /* TextViewHelper.swift */,
				3E36115024760DF6004C70B4 /* UploadDashPlaceholderButton.swift */,
				3EB25B502475CA6C00C465D1 /* Assets.xcassets */,
				3E7ACE202476AFC700873BC8 /* ImageLoader.swift */,
				3E36114A24760DD2004C70B4 /* ImagePicker.swift */,
				3E36115824760E5C004C70B4 /* Load.swift */,
				3E36114C24760DE7004C70B4 /* KeyChain.swift */,
				3E7ACE162476A40E00873BC8 /* KeyboardModifier.swift */,
				3E2FCF3D247E9C8A00CF37FE /* HideTabViewBarFunctions.swift */,
				3E36114E24760DEA004C70B4 /* NSAttributedStringKey+CustomAttribute.swift */,
				3EB25B552475CA6C00C465D1 /* LaunchScreen.storyboard */,
				3EB25B582475CA6C00C465D1 /* Info.plist */,
				3EB25B4B2475CA6C00C465D1 /* MetaGrabGO.xcdatamodeld */,
				3EB25B522475CA6C00C465D1 /* Preview Content */,
			);
			path = MetaGrabGO;
			sourceTree = "<group>";
		};
		3EB25B522475CA6C00C465D1 /* Preview Content */ = {
			isa = PBXGroup;
			children = (
				3EB25B532475CA6C00C465D1 /* Preview Assets.xcassets */,
			);
			path = "Preview Content";
			sourceTree = "<group>";
		};
		3EE4921024A3B4870075C7B7 /* DataStores */ = {
			isa = PBXGroup;
			children = (
				3E6F200124A12BF1009BFEAF /* GlobalGamesDataStore.swift */,
				3EF1BF4B249D3B8D00E7EAC5 /* HomeGamesDataStore.swift */,
				3EE4921124A3B4C80075C7B7 /* GenreDataStore.swift */,
				3E3610E824760CF2004C70B4 /* UserDataStore.swift */,
				3E937A1D247706980033EA04 /* BlockHiddenDataStore.swift */,
				3E14B76D24A6395D005B4E29 /* TimelineDataStore.swift */,
				3ED7815F24782C5E00C5EE96 /* ForumDataStore.swift */,
				3E6815ED248053E600E68860 /* EmojiDataStore.swift */,
			);
			path = DataStores;
			sourceTree = "<group>";
		};
		537CB071A1A9BA734B829DEB /* Frameworks */ = {
			isa = PBXGroup;
			children = (
				E4B3CBCEECAEACB1143BC884 /* Pods_MetaGrabGO.framework */,
			);
			name = Frameworks;
			sourceTree = "<group>";
		};
		999020B2F3227867F1EE307E /* Pods */ = {
			isa = PBXGroup;
			children = (
				0DEB128B1F9768004E8194CD /* Pods-MetaGrabGO.debug.xcconfig */,
				62FFB9B24DA64B0850329FC0 /* Pods-MetaGrabGO.release.xcconfig */,
			);
			path = Pods;
			sourceTree = "<group>";
		};
/* End PBXGroup section */

/* Begin PBXNativeTarget section */
		3EB25B432475CA6C00C465D1 /* MetaGrabGO */ = {
			isa = PBXNativeTarget;
			buildConfigurationList = 3EB25B5B2475CA6C00C465D1 /* Build configuration list for PBXNativeTarget "MetaGrabGO" */;
			buildPhases = (
				769B0196A8EFE48DDA627EAB /* [CP] Check Pods Manifest.lock */,
				3EB25B402475CA6C00C465D1 /* Sources */,
				3EB25B412475CA6C00C465D1 /* Frameworks */,
				3EB25B422475CA6C00C465D1 /* Resources */,
				DC789B2F4A30B9F1C83328D9 /* [CP] Embed Pods Frameworks */,
			);
			buildRules = (
			);
			dependencies = (
			);
			name = MetaGrabGO;
			productName = MetaGrabGO;
			productReference = 3EB25B442475CA6C00C465D1 /* Metagrab.app */;
			productType = "com.apple.product-type.application";
		};
/* End PBXNativeTarget section */

/* Begin PBXProject section */
		3EB25B3C2475CA6C00C465D1 /* Project object */ = {
			isa = PBXProject;
			attributes = {
				LastSwiftUpdateCheck = 1140;
				LastUpgradeCheck = 1140;
				ORGANIZATIONNAME = "David Zeng";
				TargetAttributes = {
					3EB25B432475CA6C00C465D1 = {
						CreatedOnToolsVersion = 11.4.1;
					};
				};
			};
			buildConfigurationList = 3EB25B3F2475CA6C00C465D1 /* Build configuration list for PBXProject "MetaGrabGO" */;
			compatibilityVersion = "Xcode 9.3";
			developmentRegion = en;
			hasScannedForEncodings = 0;
			knownRegions = (
				en,
				Base,
			);
			mainGroup = 3EB25B3B2475CA6C00C465D1;
			productRefGroup = 3EB25B452475CA6C00C465D1 /* Products */;
			projectDirPath = "";
			projectRoot = "";
			targets = (
				3EB25B432475CA6C00C465D1 /* MetaGrabGO */,
			);
		};
/* End PBXProject section */

/* Begin PBXResourcesBuildPhase section */
		3EB25B422475CA6C00C465D1 /* Resources */ = {
			isa = PBXResourcesBuildPhase;
			buildActionMask = 2147483647;
			files = (
				3EB25B572475CA6C00C465D1 /* LaunchScreen.storyboard in Resources */,
				3EB25B542475CA6C00C465D1 /* Preview Assets.xcassets in Resources */,
				3EB25B512475CA6C00C465D1 /* Assets.xcassets in Resources */,
			);
			runOnlyForDeploymentPostprocessing = 0;
		};
/* End PBXResourcesBuildPhase section */

/* Begin PBXShellScriptBuildPhase section */
		769B0196A8EFE48DDA627EAB /* [CP] Check Pods Manifest.lock */ = {
			isa = PBXShellScriptBuildPhase;
			buildActionMask = 2147483647;
			files = (
			);
			inputFileListPaths = (
			);
			inputPaths = (
				"${PODS_PODFILE_DIR_PATH}/Podfile.lock",
				"${PODS_ROOT}/Manifest.lock",
			);
			name = "[CP] Check Pods Manifest.lock";
			outputFileListPaths = (
			);
			outputPaths = (
				"$(DERIVED_FILE_DIR)/Pods-MetaGrabGO-checkManifestLockResult.txt",
			);
			runOnlyForDeploymentPostprocessing = 0;
			shellPath = /bin/sh;
			shellScript = "diff \"${PODS_PODFILE_DIR_PATH}/Podfile.lock\" \"${PODS_ROOT}/Manifest.lock\" > /dev/null\nif [ $? != 0 ] ; then\n    # print error to STDERR\n    echo \"error: The sandbox is not in sync with the Podfile.lock. Run 'pod install' or update your CocoaPods installation.\" >&2\n    exit 1\nfi\n# This output is used by Xcode 'outputs' to avoid re-running this script phase.\necho \"SUCCESS\" > \"${SCRIPT_OUTPUT_FILE_0}\"\n";
			showEnvVarsInLog = 0;
		};
		DC789B2F4A30B9F1C83328D9 /* [CP] Embed Pods Frameworks */ = {
			isa = PBXShellScriptBuildPhase;
			buildActionMask = 2147483647;
			files = (
			);
			inputFileListPaths = (
				"${PODS_ROOT}/Target Support Files/Pods-MetaGrabGO/Pods-MetaGrabGO-frameworks-${CONFIGURATION}-input-files.xcfilelist",
			);
			name = "[CP] Embed Pods Frameworks";
			outputFileListPaths = (
				"${PODS_ROOT}/Target Support Files/Pods-MetaGrabGO/Pods-MetaGrabGO-frameworks-${CONFIGURATION}-output-files.xcfilelist",
			);
			runOnlyForDeploymentPostprocessing = 0;
			shellPath = /bin/sh;
			shellScript = "\"${PODS_ROOT}/Target Support Files/Pods-MetaGrabGO/Pods-MetaGrabGO-frameworks.sh\"\n";
			showEnvVarsInLog = 0;
		};
/* End PBXShellScriptBuildPhase section */

/* Begin PBXSourcesBuildPhase section */
		3EB25B402475CA6C00C465D1 /* Sources */ = {
			isa = PBXSourcesBuildPhase;
			buildActionMask = 2147483647;
			files = (
				3EE4921824A3E2700075C7B7 /* GenreRowView.swift in Sources */,
				3E36115F24760EBD004C70B4 /* HomeHubView.swift in Sources */,
				3E36113E24760DAB004C70B4 /* HiddenCommentResponse.swift in Sources */,
				3E36114424760DAB004C70B4 /* NewThreadResponse.swift in Sources */,
				3E36113C24760DAB004C70B4 /* Emojis.swift in Sources */,
				3E7ACE192476A5AF00873BC8 /* GameFeedIcon.swift in Sources */,
				3EB25B482475CA6C00C465D1 /* AppDelegate.swift in Sources */,
				3EFC6384247EF68B008D9F05 /* EmojiBarThreadView.swift in Sources */,
				3E7ACE232476B0FA00873BC8 /* ForumView.swift in Sources */,
				3E36114324760DAB004C70B4 /* BlacklistedUsersResponse.swift in Sources */,
				3E36114024760DAB004C70B4 /* Genre.swift in Sources */,
				3EE38C6E2475CDF6007E9F32 /* MainView.swift in Sources */,
				3E2FCF3E247E9C8A00CF37FE /* HideTabViewBarFunctions.swift in Sources */,
				3EE38C6C2475CB8B007E9F32 /* DarkHostingController.swift in Sources */,
				3EB25B4A2475CA6C00C465D1 /* SceneDelegate.swift in Sources */,
				3E7ACE212476AFC700873BC8 /* ImageLoader.swift in Sources */,
				3E36116524760F05004C70B4 /* UserProfileView.swift in Sources */,
				3E486C2224B64AA00015EFE9 /* DummyImageModalView.swift in Sources */,
				3E36114224760DAB004C70B4 /* Thread.swift in Sources */,
				3E486C2024B646050015EFE9 /* ImageModalView.swift in Sources */,
				3E3610E924760CF2004C70B4 /* UserDataStore.swift in Sources */,
				3E6F200224A12BF1009BFEAF /* GlobalGamesDataStore.swift in Sources */,
				3E6815E1248035BB00E68860 /* ForumLoadMoreView.swift in Sources */,
				3E36113724760DAB004C70B4 /* ThreadImages.swift in Sources */,
				3E36114F24760DEA004C70B4 /* NSAttributedStringKey+CustomAttribute.swift in Sources */,
				3ED7816624784EAF00C5EE96 /* TextView.swift in Sources */,
				3E4AB0C02481A6DE009E5BDB /* ReportPopupView.swift in Sources */,
				3E3FF45D248ED6FE00313D8C /* HiddenStructs.swift in Sources */,
				3ECCF99224A50C7E00DAC485 /* ForumStatsResponse.swift in Sources */,
				3EF1BF4C249D3B8D00E7EAC5 /* HomeGamesDataStore.swift in Sources */,
				3E36114B24760DD2004C70B4 /* ImagePicker.swift in Sources */,
				3EE4921224A3B4C80075C7B7 /* GenreDataStore.swift in Sources */,
				3EE4921424A3DD050075C7B7 /* GamesPageResponse.swift in Sources */,
				3E36114124760DAB004C70B4 /* AccessToken.swift in Sources */,
				3E36115924760E5C004C70B4 /* Load.swift in Sources */,
				3E36113B24760DAB004C70B4 /* GameHistoryResponse.swift in Sources */,
				3E7ACE172476A40E00873BC8 /* KeyboardModifier.swift in Sources */,
				3E36113524760DAB004C70B4 /* ImageUrls.swift in Sources */,
				3E36115324760DFF004C70B4 /* NewThreadButton.swift in Sources */,
				3E36113F24760DAB004C70B4 /* Vote.swift in Sources */,
				3E7ACE1524769E1200873BC8 /* AppWideAssets.swift in Sources */,
				3E4AB0C22481A6E4009E5BDB /* BlockUserPopupView.swift in Sources */,
				3E36114524760DAB004C70B4 /* ThreadsResponse.swift in Sources */,
				3E6815EE248053E600E68860 /* EmojiDataStore.swift in Sources */,
				3E369FCC24A6938000464428 /* GamesTimeLineResponse.swift in Sources */,
				3EB25B4F2475CA6C00C465D1 /* LaunchView.swift in Sources */,
				3E36113424760DAB004C70B4 /* HiddenThreadsResponse.swift in Sources */,
				3E36115124760DF6004C70B4 /* UploadDashPlaceholderButton.swift in Sources */,
				3E36113824760DAB004C70B4 /* Game.swift in Sources */,
				3E36114D24760DE7004C70B4 /* KeyChain.swift in Sources */,
				3E36114924760DAB004C70B4 /* NewCommentResponse.swift in Sources */,
				3E9994E52485939500BD1BD7 /* CommentsResponse.swift in Sources */,
				3ED7816424784EA600C5EE96 /* FancyPantsEditorBarView.swift in Sources */,
				3E36113624760DAB004C70B4 /* User.swift in Sources */,
				3E36116124760EE9004C70B4 /* PopularGamesView.swift in Sources */,
				3ED7816024782C5E00C5EE96 /* ForumDataStore.swift in Sources */,
				3E36113A24760DAB004C70B4 /* Comment.swift in Sources */,
				3E9994E1248564F600BD1BD7 /* ThreadView.swift in Sources */,
				3E36116324760EF5004C70B4 /* TimelineGamesView.swift in Sources */,
				3EE4921624A3DD460075C7B7 /* GenresPageResponse.swift in Sources */,
				3E937A1E247706980033EA04 /* BlockHiddenDataStore.swift in Sources */,
				3E7ACE252476B78500873BC8 /* APIClient.swift in Sources */,
				3E9994E2248564F600BD1BD7 /* MoreCommentsView.swift in Sources */,
				3E36114724760DAB004C70B4 /* Developer.swift in Sources */,
				3EB25B4D2475CA6C00C465D1 /* MetaGrabGO.xcdatamodeld in Sources */,
				3E36113D24760DAB004C70B4 /* Token.swift in Sources */,
				3E36113324760DAB004C70B4 /* Attributes.swift in Sources */,
				3E6815EC24804DC500E68860 /* EmojiPickerPopupView.swift in Sources */,
				3EE38C702475CE35007E9F32 /* UserView.swift in Sources */,
				3E36113924760DAB004C70B4 /* Forum.swift in Sources */,
				3E36114824760DAB004C70B4 /* EmojiResponse.swift in Sources */,
				3E14B76E24A6395D005B4E29 /* TimelineDataStore.swift in Sources */,
				3E36115D24760EB1004C70B4 /* GameHubView.swift in Sources */,
				3EFC6386247F0592008D9F05 /* NewThreadView.swift in Sources */,
				3E36115724760E19004C70B4 /* TextViewHelper.swift in Sources */,
				3E7ACE1D2476AF8800873BC8 /* GameModalView.swift in Sources */,
				3ED7815E2478271A00C5EE96 /* ThreadRow.swift in Sources */,
				3E9994E3248564F600BD1BD7 /* CommentView.swift in Sources */,
			);
			runOnlyForDeploymentPostprocessing = 0;
		};
/* End PBXSourcesBuildPhase section */

/* Begin PBXVariantGroup section */
		3EB25B552475CA6C00C465D1 /* LaunchScreen.storyboard */ = {
			isa = PBXVariantGroup;
			children = (
				3EB25B562475CA6C00C465D1 /* Base */,
			);
			name = LaunchScreen.storyboard;
			sourceTree = "<group>";
		};
/* End PBXVariantGroup section */

/* Begin XCBuildConfiguration section */
		3EB25B592475CA6C00C465D1 /* Debug */ = {
			isa = XCBuildConfiguration;
			buildSettings = {
				ALWAYS_SEARCH_USER_PATHS = NO;
				CLANG_ANALYZER_NONNULL = YES;
				CLANG_ANALYZER_NUMBER_OBJECT_CONVERSION = YES_AGGRESSIVE;
				CLANG_CXX_LANGUAGE_STANDARD = "gnu++14";
				CLANG_CXX_LIBRARY = "libc++";
				CLANG_ENABLE_MODULES = YES;
				CLANG_ENABLE_OBJC_ARC = YES;
				CLANG_ENABLE_OBJC_WEAK = YES;
				CLANG_WARN_BLOCK_CAPTURE_AUTORELEASING = YES;
				CLANG_WARN_BOOL_CONVERSION = YES;
				CLANG_WARN_COMMA = YES;
				CLANG_WARN_CONSTANT_CONVERSION = YES;
				CLANG_WARN_DEPRECATED_OBJC_IMPLEMENTATIONS = YES;
				CLANG_WARN_DIRECT_OBJC_ISA_USAGE = YES_ERROR;
				CLANG_WARN_DOCUMENTATION_COMMENTS = YES;
				CLANG_WARN_EMPTY_BODY = YES;
				CLANG_WARN_ENUM_CONVERSION = YES;
				CLANG_WARN_INFINITE_RECURSION = YES;
				CLANG_WARN_INT_CONVERSION = YES;
				CLANG_WARN_NON_LITERAL_NULL_CONVERSION = YES;
				CLANG_WARN_OBJC_IMPLICIT_RETAIN_SELF = YES;
				CLANG_WARN_OBJC_LITERAL_CONVERSION = YES;
				CLANG_WARN_OBJC_ROOT_CLASS = YES_ERROR;
				CLANG_WARN_RANGE_LOOP_ANALYSIS = YES;
				CLANG_WARN_STRICT_PROTOTYPES = YES;
				CLANG_WARN_SUSPICIOUS_MOVE = YES;
				CLANG_WARN_UNGUARDED_AVAILABILITY = YES_AGGRESSIVE;
				CLANG_WARN_UNREACHABLE_CODE = YES;
				CLANG_WARN__DUPLICATE_METHOD_MATCH = YES;
				COPY_PHASE_STRIP = NO;
				DEBUG_INFORMATION_FORMAT = dwarf;
				ENABLE_STRICT_OBJC_MSGSEND = YES;
				ENABLE_TESTABILITY = YES;
				GCC_C_LANGUAGE_STANDARD = gnu11;
				GCC_DYNAMIC_NO_PIC = NO;
				GCC_NO_COMMON_BLOCKS = YES;
				GCC_OPTIMIZATION_LEVEL = 0;
				GCC_PREPROCESSOR_DEFINITIONS = (
					"DEBUG=1",
					"$(inherited)",
				);
				GCC_WARN_64_TO_32_BIT_CONVERSION = YES;
				GCC_WARN_ABOUT_RETURN_TYPE = YES_ERROR;
				GCC_WARN_UNDECLARED_SELECTOR = YES;
				GCC_WARN_UNINITIALIZED_AUTOS = YES_AGGRESSIVE;
				GCC_WARN_UNUSED_FUNCTION = YES;
				GCC_WARN_UNUSED_VARIABLE = YES;
				IPHONEOS_DEPLOYMENT_TARGET = 13.4;
				MTL_ENABLE_DEBUG_INFO = INCLUDE_SOURCE;
				MTL_FAST_MATH = YES;
				ONLY_ACTIVE_ARCH = YES;
				SDKROOT = iphoneos;
				SWIFT_ACTIVE_COMPILATION_CONDITIONS = DEBUG;
				SWIFT_OPTIMIZATION_LEVEL = "-Onone";
			};
			name = Debug;
		};
		3EB25B5A2475CA6C00C465D1 /* Release */ = {
			isa = XCBuildConfiguration;
			buildSettings = {
				ALWAYS_SEARCH_USER_PATHS = NO;
				CLANG_ANALYZER_NONNULL = YES;
				CLANG_ANALYZER_NUMBER_OBJECT_CONVERSION = YES_AGGRESSIVE;
				CLANG_CXX_LANGUAGE_STANDARD = "gnu++14";
				CLANG_CXX_LIBRARY = "libc++";
				CLANG_ENABLE_MODULES = YES;
				CLANG_ENABLE_OBJC_ARC = YES;
				CLANG_ENABLE_OBJC_WEAK = YES;
				CLANG_WARN_BLOCK_CAPTURE_AUTORELEASING = YES;
				CLANG_WARN_BOOL_CONVERSION = YES;
				CLANG_WARN_COMMA = YES;
				CLANG_WARN_CONSTANT_CONVERSION = YES;
				CLANG_WARN_DEPRECATED_OBJC_IMPLEMENTATIONS = YES;
				CLANG_WARN_DIRECT_OBJC_ISA_USAGE = YES_ERROR;
				CLANG_WARN_DOCUMENTATION_COMMENTS = YES;
				CLANG_WARN_EMPTY_BODY = YES;
				CLANG_WARN_ENUM_CONVERSION = YES;
				CLANG_WARN_INFINITE_RECURSION = YES;
				CLANG_WARN_INT_CONVERSION = YES;
				CLANG_WARN_NON_LITERAL_NULL_CONVERSION = YES;
				CLANG_WARN_OBJC_IMPLICIT_RETAIN_SELF = YES;
				CLANG_WARN_OBJC_LITERAL_CONVERSION = YES;
				CLANG_WARN_OBJC_ROOT_CLASS = YES_ERROR;
				CLANG_WARN_RANGE_LOOP_ANALYSIS = YES;
				CLANG_WARN_STRICT_PROTOTYPES = YES;
				CLANG_WARN_SUSPICIOUS_MOVE = YES;
				CLANG_WARN_UNGUARDED_AVAILABILITY = YES_AGGRESSIVE;
				CLANG_WARN_UNREACHABLE_CODE = YES;
				CLANG_WARN__DUPLICATE_METHOD_MATCH = YES;
				COPY_PHASE_STRIP = NO;
				DEBUG_INFORMATION_FORMAT = "dwarf-with-dsym";
				ENABLE_NS_ASSERTIONS = NO;
				ENABLE_STRICT_OBJC_MSGSEND = YES;
				GCC_C_LANGUAGE_STANDARD = gnu11;
				GCC_NO_COMMON_BLOCKS = YES;
				GCC_WARN_64_TO_32_BIT_CONVERSION = YES;
				GCC_WARN_ABOUT_RETURN_TYPE = YES_ERROR;
				GCC_WARN_UNDECLARED_SELECTOR = YES;
				GCC_WARN_UNINITIALIZED_AUTOS = YES_AGGRESSIVE;
				GCC_WARN_UNUSED_FUNCTION = YES;
				GCC_WARN_UNUSED_VARIABLE = YES;
				IPHONEOS_DEPLOYMENT_TARGET = 13.4;
				MTL_ENABLE_DEBUG_INFO = NO;
				MTL_FAST_MATH = YES;
				SDKROOT = iphoneos;
				SWIFT_COMPILATION_MODE = wholemodule;
				SWIFT_OPTIMIZATION_LEVEL = "-O";
				VALIDATE_PRODUCT = YES;
			};
			name = Release;
		};
		3EB25B5C2475CA6C00C465D1 /* Debug */ = {
			isa = XCBuildConfiguration;
			baseConfigurationReference = 0DEB128B1F9768004E8194CD /* Pods-MetaGrabGO.debug.xcconfig */;
			buildSettings = {
				ASSETCATALOG_COMPILER_APPICON_NAME = AppIcon;
				CODE_SIGN_STYLE = Automatic;
				DEVELOPMENT_ASSET_PATHS = "\"MetaGrabGO/Preview Content\"";
				DEVELOPMENT_TEAM = 4Z2YGQNYQH;
				ENABLE_PREVIEWS = YES;
				INFOPLIST_FILE = MetaGrabGO/Info.plist;
				LD_RUNPATH_SEARCH_PATHS = (
					"$(inherited)",
					"@executable_path/Frameworks",
				);
				PRODUCT_BUNDLE_IDENTIFIER = Self.MetaGrabGO;
				PRODUCT_NAME = Metagrab;
				SWIFT_VERSION = 5.0;
				TARGETED_DEVICE_FAMILY = "1,2";
			};
			name = Debug;
		};
		3EB25B5D2475CA6C00C465D1 /* Release */ = {
			isa = XCBuildConfiguration;
			baseConfigurationReference = 62FFB9B24DA64B0850329FC0 /* Pods-MetaGrabGO.release.xcconfig */;
			buildSettings = {
				ASSETCATALOG_COMPILER_APPICON_NAME = AppIcon;
				CODE_SIGN_STYLE = Automatic;
				DEVELOPMENT_ASSET_PATHS = "\"MetaGrabGO/Preview Content\"";
				DEVELOPMENT_TEAM = 4Z2YGQNYQH;
				ENABLE_PREVIEWS = YES;
				INFOPLIST_FILE = MetaGrabGO/Info.plist;
				LD_RUNPATH_SEARCH_PATHS = (
					"$(inherited)",
					"@executable_path/Frameworks",
				);
				PRODUCT_BUNDLE_IDENTIFIER = Self.MetaGrabGO;
				PRODUCT_NAME = Metagrab;
				SWIFT_VERSION = 5.0;
				TARGETED_DEVICE_FAMILY = "1,2";
			};
			name = Release;
		};
/* End XCBuildConfiguration section */

/* Begin XCConfigurationList section */
		3EB25B3F2475CA6C00C465D1 /* Build configuration list for PBXProject "MetaGrabGO" */ = {
			isa = XCConfigurationList;
			buildConfigurations = (
				3EB25B592475CA6C00C465D1 /* Debug */,
				3EB25B5A2475CA6C00C465D1 /* Release */,
			);
			defaultConfigurationIsVisible = 0;
			defaultConfigurationName = Release;
		};
		3EB25B5B2475CA6C00C465D1 /* Build configuration list for PBXNativeTarget "MetaGrabGO" */ = {
			isa = XCConfigurationList;
			buildConfigurations = (
				3EB25B5C2475CA6C00C465D1 /* Debug */,
				3EB25B5D2475CA6C00C465D1 /* Release */,
			);
			defaultConfigurationIsVisible = 0;
			defaultConfigurationName = Release;
		};
/* End XCConfigurationList section */

/* Begin XCVersionGroup section */
		3EB25B4B2475CA6C00C465D1 /* MetaGrabGO.xcdatamodeld */ = {
			isa = XCVersionGroup;
			children = (
				3EB25B4C2475CA6C00C465D1 /* MetaGrabGO.xcdatamodel */,
			);
			currentVersion = 3EB25B4C2475CA6C00C465D1 /* MetaGrabGO.xcdatamodel */;
			path = MetaGrabGO.xcdatamodeld;
			sourceTree = "<group>";
			versionGroupType = wrapper.xcdatamodel;
		};
/* End XCVersionGroup section */
	};
	rootObject = 3EB25B3C2475CA6C00C465D1 /* Project object */;
}
